
Microsoft Visual Studio Solution File, Format Version 12.00
# Visual Studio 15
VisualStudioVersion = 15.0.28307.106
MinimumVisualStudioVersion = 10.0.40219.1
Project("{FAE04EC0-301F-11D3-BF4B-00C04F79EFBC}") = "WPFCalculator", "WPFCalculator\WPFCalculator.csproj", "{841412EA-FC3F-406D-AB19-04EC02FDD20B}"
EndProject
Global
	GlobalSection(SolutionConfigurationPlatforms) = preSolution
		Debug|Any CPU = Debug|Any CPU
		Release|Any CPU = Release|Any CPU
	EndGlobalSection
	GlobalSection(ProjectConfigurationPlatforms) = postSolution
		{841412EA-FC3F-406D-AB19-04EC02FDD20B}.Debug|Any CPU.ActiveCfg = Debug|Any CPU
		{841412EA-FC3F-406D-AB19-04EC02FDD20B}.Debug|Any CPU.Build.0 = Debug|Any CPU
		{841412EA-FC3F-406D-AB19-04EC02FDD20B}.Release|Any CPU.ActiveCfg = Release|Any CPU
		{841412EA-FC3F-406D-AB19-04EC02FDD20B}.Release|Any CPU.Build.0 = Release|Any CPU
	EndGlobalSection
	GlobalSection(SolutionProperties) = preSolution
		HideSolutionNode = FALSE
	EndGlobalSection
	GlobalSection(ExtensibilityGlobals) = postSolution
		SolutionGuid = {35D44F9E-1D50-4739-9DEB-5A6B0B5475BE}
	EndGlobalSection
EndGlobal
